
Microsoft Visual Studio Solution File, Format Version 12.00
# Visual Studio Version 17
VisualStudioVersion = 17.8.34309.116
MinimumVisualStudioVersion = 10.0.40219.1
Project("{FAE04EC0-301F-11D3-BF4B-00C04F79EFBC}") = "SpotifyInsights", "SpotifyInsights\SpotifyInsights.csproj", "{D3D606A3-50E1-42EE-B041-C84791AAD07D}"
EndProject
Global
	GlobalSection(SolutionConfigurationPlatforms) = preSolution
		Debug|Any CPU = Debug|Any CPU
		Release|Any CPU = Release|Any CPU
	EndGlobalSection
	GlobalSection(ProjectConfigurationPlatforms) = postSolution
		{D3D606A3-50E1-42EE-B041-C84791AAD07D}.Debug|Any CPU.ActiveCfg = Debug|Any CPU
		{D3D606A3-50E1-42EE-B041-C84791AAD07D}.Debug|Any CPU.Build.0 = Debug|Any CPU
		{D3D606A3-50E1-42EE-B041-C84791AAD07D}.Release|Any CPU.ActiveCfg = Release|Any CPU
		{D3D606A3-50E1-42EE-B041-C84791AAD07D}.Release|Any CPU.Build.0 = Release|Any CPU
	EndGlobalSection
	GlobalSection(SolutionProperties) = preSolution
		HideSolutionNode = FALSE
	EndGlobalSection
	GlobalSection(ExtensibilityGlobals) = postSolution
		SolutionGuid = {0C939BD7-DB28-48F1-80AA-895161055EF8}
	EndGlobalSection
EndGlobal
